{
  "name": "weather-app",
  "version": "1.0.0",
  "lockfileVersion": 2,
  "requires": true,
  "packages": {
    "": {
      "name": "weather-app",
      "version": "1.0.0",
      "license": "ISC",
      "workspaces": [
        "packages/server"
      ]
    },
    "node_modules/@sinclair/typebox": {
      "version": "0.26.8",
      "resolved": "https://registry.npmjs.org/@sinclair/typebox/-/typebox-0.26.8.tgz",
      "integrity": "sha512-fvAkOrUWndf5vjptkW+4TeTH84/bILWQHgk7rbbzT8trZxW+b84lr8dZQPM/r7cGNRFxDaJYsMjHCikEYyAHaw=="
    },
    "node_modules/@types/lodash": {
      "version": "4.14.192",
      "resolved": "https://registry.npmjs.org/@types/lodash/-/lodash-4.14.192.tgz",
      "integrity": "sha512-km+Vyn3BYm5ytMO13k9KTp27O75rbQ0NFw+U//g+PX7VZyjCioXaRFisqSIJRECljcTv73G3i6BpglNGHgUQ5A=="
    },
    "node_modules/@types/lodash.clonedeep": {
      "version": "4.5.7",
      "resolved": "https://registry.npmjs.org/@types/lodash.clonedeep/-/lodash.clonedeep-4.5.7.tgz",
      "integrity": "sha512-ccNqkPptFIXrpVqUECi60/DFxjNKsfoQxSQsgcBJCX/fuX1wgyQieojkcWH/KpE3xzLoWN/2k+ZeGqIN3paSvw==",
      "dependencies": {
        "@types/lodash": "*"
      }
    },
    "node_modules/@weather-app/server": {
      "resolved": "packages/server",
      "link": true
    },
    "node_modules/bun-types": {
      "version": "0.5.8",
      "resolved": "https://registry.npmjs.org/bun-types/-/bun-types-0.5.8.tgz",
      "integrity": "sha512-VHwD0MAHo3wraYAeqTWH2NDmXOdGfC3wWWOnZvK93ytI6yq/LkgsCjDudWNmN7MlfPvJb2zoLMnkzhjxNwLsLw==",
      "dev": true
    },
    "node_modules/elysia": {
      "version": "0.4.2",
      "resolved": "https://registry.npmjs.org/elysia/-/elysia-0.4.2.tgz",
      "integrity": "sha512-fKYizcd6zuKial1Rv6RkSTLT3NQmkj/881ZyTUdRWXhkReI4UX8E5LPEQj2x1rKWg6tao77EVSPBn3BwzuNegg==",
      "dependencies": {
        "@sinclair/typebox": "0.26.8",
        "@types/lodash.clonedeep": "^4.5.7",
        "fast-querystring": "^1.1.1",
        "lodash.clonedeep": "^4.5.0",
        "nanoid": "^4.0.1",
        "openapi-types": "^12.1.0",
        "raikiri": "0.1.0-beta.2"
      },
      "peerDependencies": {
        "@sinclair/typebox": ">= 0.26.0",
        "openapi-types": ">= 12.0.0"
      },
      "peerDependenciesMeta": {
        "@elysiajs/fn": {
          "optional": true
        },
        "@sinclair/typebox": {
          "optional": true
        },
        "openapi-types": {
          "optional": true
        }
      }
    },
    "node_modules/fast-decode-uri-component": {
      "version": "1.0.1",
      "resolved": "https://registry.npmjs.org/fast-decode-uri-component/-/fast-decode-uri-component-1.0.1.tgz",
      "integrity": "sha512-WKgKWg5eUxvRZGwW8FvfbaH7AXSh2cL+3j5fMGzUMCxWBJ3dV3a7Wz8y2f/uQ0e3B6WmodD3oS54jTQ9HVTIIg=="
    },
    "node_modules/fast-querystring": {
      "version": "1.1.1",
      "resolved": "https://registry.npmjs.org/fast-querystring/-/fast-querystring-1.1.1.tgz",
      "integrity": "sha512-qR2r+e3HvhEFmpdHMv//U8FnFlnYjaC6QKDuaXALDkw2kvHO8WDjxH+f/rHGR4Me4pnk8p9JAkRNTjYHAKRn2Q==",
      "dependencies": {
        "fast-decode-uri-component": "^1.0.1"
      }
    },
    "node_modules/lodash.clonedeep": {
      "version": "4.5.0",
      "resolved": "https://registry.npmjs.org/lodash.clonedeep/-/lodash.clonedeep-4.5.0.tgz",
      "integrity": "sha512-H5ZhCF25riFd9uB5UCkVKo61m3S/xZk1x4wA6yp/L3RFP6Z/eHH1ymQcGLo7J3GMPfm0V/7m1tryHuGVxpqEBQ=="
    },
    "node_modules/nanoid": {
      "version": "4.0.2",
      "resolved": "https://registry.npmjs.org/nanoid/-/nanoid-4.0.2.tgz",
      "integrity": "sha512-7ZtY5KTCNheRGfEFxnedV5zFiORN1+Y1N6zvPTnHQd8ENUvfaDBeuJDZb2bN/oXwXxu3qkTXDzy57W5vAmDTBw==",
      "funding": [
        {
          "type": "github",
          "url": "https://github.com/sponsors/ai"
        }
      ],
      "bin": {
        "nanoid": "bin/nanoid.js"
      },
      "engines": {
        "node": "^14 || ^16 || >=18"
      }
    },
    "node_modules/openapi-types": {
      "version": "12.1.0",
      "resolved": "https://registry.npmjs.org/openapi-types/-/openapi-types-12.1.0.tgz",
      "integrity": "sha512-XpeCy01X6L5EpP+6Hc3jWN7rMZJ+/k1lwki/kTmWzbVhdPie3jd5O2ZtedEx8Yp58icJ0osVldLMrTB/zslQXA=="
    },
    "node_modules/raikiri": {
      "version": "0.1.0-beta.2",
      "resolved": "https://registry.npmjs.org/raikiri/-/raikiri-0.1.0-beta.2.tgz",
      "integrity": "sha512-D0qnbk98V75VVrBZ7sjz/VGi91fmtlsJyC1esv2IgGd0iobpwXg8Dy8abQp1SCiKAmiQA7Ub0Uy8n8IypENA1A=="
    },
    "packages/server": {
      "name": "@weather-app/server",
      "version": "1.0.28",
      "license": "ISC",
      "dependencies": {
        "elysia": "latest"
      },
      "devDependencies": {
        "bun-types": "latest"
      }
    }
  },
  "dependencies": {
    "@sinclair/typebox": {
      "version": "0.26.8",
      "resolved": "https://registry.npmjs.org/@sinclair/typebox/-/typebox-0.26.8.tgz",
      "integrity": "sha512-fvAkOrUWndf5vjptkW+4TeTH84/bILWQHgk7rbbzT8trZxW+b84lr8dZQPM/r7cGNRFxDaJYsMjHCikEYyAHaw=="
    },
    "@types/lodash": {
      "version": "4.14.192",
      "resolved": "https://registry.npmjs.org/@types/lodash/-/lodash-4.14.192.tgz",
      "integrity": "sha512-km+Vyn3BYm5ytMO13k9KTp27O75rbQ0NFw+U//g+PX7VZyjCioXaRFisqSIJRECljcTv73G3i6BpglNGHgUQ5A=="
    },
    "@types/lodash.clonedeep": {
      "version": "4.5.7",
      "resolved": "https://registry.npmjs.org/@types/lodash.clonedeep/-/lodash.clonedeep-4.5.7.tgz",
      "integrity": "sha512-ccNqkPptFIXrpVqUECi60/DFxjNKsfoQxSQsgcBJCX/fuX1wgyQieojkcWH/KpE3xzLoWN/2k+ZeGqIN3paSvw==",
      "requires": {
        "@types/lodash": "*"
      }
    },
    "@weather-app/server": {
      "version": "file:packages/server",
      "requires": {
        "bun-types": "latest",
        "elysia": "latest"
      }
    },
    "bun-types": {
      "version": "0.5.8",
      "resolved": "https://registry.npmjs.org/bun-types/-/bun-types-0.5.8.tgz",
      "integrity": "sha512-VHwD0MAHo3wraYAeqTWH2NDmXOdGfC3wWWOnZvK93ytI6yq/LkgsCjDudWNmN7MlfPvJb2zoLMnkzhjxNwLsLw==",
      "dev": true
    },
    "elysia": {
      "version": "0.4.2",
      "resolved": "https://registry.npmjs.org/elysia/-/elysia-0.4.2.tgz",
      "integrity": "sha512-fKYizcd6zuKial1Rv6RkSTLT3NQmkj/881ZyTUdRWXhkReI4UX8E5LPEQj2x1rKWg6tao77EVSPBn3BwzuNegg==",
      "requires": {
        "@sinclair/typebox": "0.26.8",
        "@types/lodash.clonedeep": "^4.5.7",
        "fast-querystring": "^1.1.1",
        "lodash.clonedeep": "^4.5.0",
        "nanoid": "^4.0.1",
        "openapi-types": "^12.1.0",
        "raikiri": "0.1.0-beta.2"
      }
    },
    "fast-decode-uri-component": {
      "version": "1.0.1",
      "resolved": "https://registry.npmjs.org/fast-decode-uri-component/-/fast-decode-uri-component-1.0.1.tgz",
      "integrity": "sha512-WKgKWg5eUxvRZGwW8FvfbaH7AXSh2cL+3j5fMGzUMCxWBJ3dV3a7Wz8y2f/uQ0e3B6WmodD3oS54jTQ9HVTIIg=="
    },
    "fast-querystring": {
      "version": "1.1.1",
      "resolved": "https://registry.npmjs.org/fast-querystring/-/fast-querystring-1.1.1.tgz",
      "integrity": "sha512-qR2r+e3HvhEFmpdHMv//U8FnFlnYjaC6QKDuaXALDkw2kvHO8WDjxH+f/rHGR4Me4pnk8p9JAkRNTjYHAKRn2Q==",
      "requires": {
        "fast-decode-uri-component": "^1.0.1"
      }
    },
    "lodash.clonedeep": {
      "version": "4.5.0",
      "resolved": "https://registry.npmjs.org/lodash.clonedeep/-/lodash.clonedeep-4.5.0.tgz",
      "integrity": "sha512-H5ZhCF25riFd9uB5UCkVKo61m3S/xZk1x4wA6yp/L3RFP6Z/eHH1ymQcGLo7J3GMPfm0V/7m1tryHuGVxpqEBQ=="
    },
    "nanoid": {
      "version": "4.0.2",
      "resolved": "https://registry.npmjs.org/nanoid/-/nanoid-4.0.2.tgz",
      "integrity": "sha512-7ZtY5KTCNheRGfEFxnedV5zFiORN1+Y1N6zvPTnHQd8ENUvfaDBeuJDZb2bN/oXwXxu3qkTXDzy57W5vAmDTBw=="
    },
    "openapi-types": {
      "version": "12.1.0",
      "resolved": "https://registry.npmjs.org/openapi-types/-/openapi-types-12.1.0.tgz",
      "integrity": "sha512-XpeCy01X6L5EpP+6Hc3jWN7rMZJ+/k1lwki/kTmWzbVhdPie3jd5O2ZtedEx8Yp58icJ0osVldLMrTB/zslQXA=="
    },
    "raikiri": {
      "version": "0.1.0-beta.2",
      "resolved": "https://registry.npmjs.org/raikiri/-/raikiri-0.1.0-beta.2.tgz",
      "integrity": "sha512-D0qnbk98V75VVrBZ7sjz/VGi91fmtlsJyC1esv2IgGd0iobpwXg8Dy8abQp1SCiKAmiQA7Ub0Uy8n8IypENA1A=="
    }
  }
}
